
Microsoft Visual Studio Solution File, Format Version 12.00
# Visual Studio Version 17
VisualStudioVersion = 17.8.34309.116
MinimumVisualStudioVersion = 10.0.40219.1
Project("{FAE04EC0-301F-11D3-BF4B-00C04F79EFBC}") = "MOWebAPIClientVL", "MOWebAPIClientVL\MOWebAPIClientVL.csproj", "{BFBB0A1E-7076-4E84-9CF8-28065BF3FB7E}"
EndProject
Global
	GlobalSection(SolutionConfigurationPlatforms) = preSolution
		Debug|Any CPU = Debug|Any CPU
		Release|Any CPU = Release|Any CPU
	EndGlobalSection
	GlobalSection(ProjectConfigurationPlatforms) = postSolution
		{BFBB0A1E-7076-4E84-9CF8-28065BF3FB7E}.Debug|Any CPU.ActiveCfg = Debug|Any CPU
		{BFBB0A1E-7076-4E84-9CF8-28065BF3FB7E}.Debug|Any CPU.Build.0 = Debug|Any CPU
		{BFBB0A1E-7076-4E84-9CF8-28065BF3FB7E}.Release|Any CPU.ActiveCfg = Release|Any CPU
		{BFBB0A1E-7076-4E84-9CF8-28065BF3FB7E}.Release|Any CPU.Build.0 = Release|Any CPU
	EndGlobalSection
	GlobalSection(SolutionProperties) = preSolution
		HideSolutionNode = FALSE
	EndGlobalSection
	GlobalSection(ExtensibilityGlobals) = postSolution
		SolutionGuid = {14E25E41-9855-4EF4-B9BA-BB6FDD9449D7}
	EndGlobalSection
EndGlobal
